
Microsoft Visual Studio Solution File, Format Version 12.00
# Visual Studio Version 16
VisualStudioVersion = 16.0.28803.202
MinimumVisualStudioVersion = 10.0.40219.1
Project("{9A19103F-16F7-4668-BE54-9A1E7A4F7556}") = "MyDemoApp.Web", "MyDemoApp\MyDemoApp.Web.csproj", "{EEDDA343-08C6-4D90-B479-748AF8309D60}"
EndProject
Project("{FAE04EC0-301F-11D3-BF4B-00C04F79EFBC}") = "MyDemoApp.BVT", "MyDemoApp.BVT\MyDemoApp.BVT.csproj", "{C7CEFA7E-452A-45BA-A1C3-B00963D4A57B}"
EndProject
Global
	GlobalSection(SolutionConfigurationPlatforms) = preSolution
		Debug|Any CPU = Debug|Any CPU
		Release|Any CPU = Release|Any CPU
	EndGlobalSection
	GlobalSection(ProjectConfigurationPlatforms) = postSolution
		{EEDDA343-08C6-4D90-B479-748AF8309D60}.Debug|Any CPU.ActiveCfg = Debug|Any CPU
		{EEDDA343-08C6-4D90-B479-748AF8309D60}.Debug|Any CPU.Build.0 = Debug|Any CPU
		{EEDDA343-08C6-4D90-B479-748AF8309D60}.Release|Any CPU.ActiveCfg = Release|Any CPU
		{EEDDA343-08C6-4D90-B479-748AF8309D60}.Release|Any CPU.Build.0 = Release|Any CPU
		{C7CEFA7E-452A-45BA-A1C3-B00963D4A57B}.Debug|Any CPU.ActiveCfg = Debug|Any CPU
		{C7CEFA7E-452A-45BA-A1C3-B00963D4A57B}.Debug|Any CPU.Build.0 = Debug|Any CPU
		{C7CEFA7E-452A-45BA-A1C3-B00963D4A57B}.Release|Any CPU.ActiveCfg = Release|Any CPU
		{C7CEFA7E-452A-45BA-A1C3-B00963D4A57B}.Release|Any CPU.Build.0 = Release|Any CPU
	EndGlobalSection
	GlobalSection(SolutionProperties) = preSolution
		HideSolutionNode = FALSE
	EndGlobalSection
	GlobalSection(ExtensibilityGlobals) = postSolution
		SolutionGuid = {CB2147E0-27D6-4E8B-9D07-69B52E32839B}
	EndGlobalSection
EndGlobal
