
Microsoft Visual Studio Solution File, Format Version 12.00
# Visual Studio Version 16
VisualStudioVersion = 16.0.28803.202
MinimumVisualStudioVersion = 10.0.40219.1
Project("{9A19103F-16F7-4668-BE54-9A1E7A4F7556}") = "MyDemoApp.Web", "MyDemoApp\MyDemoApp.Web.csproj", "{EEDDA343-08C6-4D90-B479-748AF8309D60}"
EndProject
Project("{9A19103F-16F7-4668-BE54-9A1E7A4F7556}") = "MyDemoApp.FunctionalTests", "MyDemoApp.FunctionalTests\MyDemoApp.FunctionalTests.csproj", "{900F67F2-FD4E-4A3E-942D-87F8B7FF2D22}"
EndProject
Project("{9A19103F-16F7-4668-BE54-9A1E7A4F7556}") = "MyDemoApp.UnitTests", "MyDemoApp.UnitTests\MyDemoApp.UnitTests.csproj", "{FA7C6CCF-70F6-4D7C-B9D9-08F706AA501E}"
EndProject
Global
	GlobalSection(SolutionConfigurationPlatforms) = preSolution
		Debug|Any CPU = Debug|Any CPU
		Release|Any CPU = Release|Any CPU
	EndGlobalSection
	GlobalSection(ProjectConfigurationPlatforms) = postSolution
		{EEDDA343-08C6-4D90-B479-748AF8309D60}.Debug|Any CPU.ActiveCfg = Debug|Any CPU
		{EEDDA343-08C6-4D90-B479-748AF8309D60}.Debug|Any CPU.Build.0 = Debug|Any CPU
		{EEDDA343-08C6-4D90-B479-748AF8309D60}.Release|Any CPU.ActiveCfg = Release|Any CPU
		{EEDDA343-08C6-4D90-B479-748AF8309D60}.Release|Any CPU.Build.0 = Release|Any CPU
		{900F67F2-FD4E-4A3E-942D-87F8B7FF2D22}.Debug|Any CPU.ActiveCfg = Debug|Any CPU
		{900F67F2-FD4E-4A3E-942D-87F8B7FF2D22}.Debug|Any CPU.Build.0 = Debug|Any CPU
		{900F67F2-FD4E-4A3E-942D-87F8B7FF2D22}.Release|Any CPU.ActiveCfg = Release|Any CPU
		{900F67F2-FD4E-4A3E-942D-87F8B7FF2D22}.Release|Any CPU.Build.0 = Release|Any CPU
		{FA7C6CCF-70F6-4D7C-B9D9-08F706AA501E}.Debug|Any CPU.ActiveCfg = Debug|Any CPU
		{FA7C6CCF-70F6-4D7C-B9D9-08F706AA501E}.Debug|Any CPU.Build.0 = Debug|Any CPU
		{FA7C6CCF-70F6-4D7C-B9D9-08F706AA501E}.Release|Any CPU.ActiveCfg = Release|Any CPU
		{FA7C6CCF-70F6-4D7C-B9D9-08F706AA501E}.Release|Any CPU.Build.0 = Release|Any CPU
	EndGlobalSection
	GlobalSection(SolutionProperties) = preSolution
		HideSolutionNode = FALSE
	EndGlobalSection
	GlobalSection(ExtensibilityGlobals) = postSolution
		SolutionGuid = {CB2147E0-27D6-4E8B-9D07-69B52E32839B}
	EndGlobalSection
EndGlobal
